
Microsoft Visual Studio Solution File, Format Version 12.00
# Visual Studio Version 16
VisualStudioVersion = 16.0.30011.22
MinimumVisualStudioVersion = 10.0.40219.1
Project("{FAE04EC0-301F-11D3-BF4B-00C04F79EFBC}") = "Monitors", "Monitors\Monitors.csproj", "{634FB11A-8FB1-4C32-8E5F-6D24CEA6EDC2}"
EndProject
Global
	GlobalSection(SolutionConfigurationPlatforms) = preSolution
		Debug|Any CPU = Debug|Any CPU
		Release|Any CPU = Release|Any CPU
	EndGlobalSection
	GlobalSection(ProjectConfigurationPlatforms) = postSolution
		{634FB11A-8FB1-4C32-8E5F-6D24CEA6EDC2}.Debug|Any CPU.ActiveCfg = Debug|Any CPU
		{634FB11A-8FB1-4C32-8E5F-6D24CEA6EDC2}.Debug|Any CPU.Build.0 = Debug|Any CPU
		{634FB11A-8FB1-4C32-8E5F-6D24CEA6EDC2}.Release|Any CPU.ActiveCfg = Release|Any CPU
		{634FB11A-8FB1-4C32-8E5F-6D24CEA6EDC2}.Release|Any CPU.Build.0 = Release|Any CPU
	EndGlobalSection
	GlobalSection(SolutionProperties) = preSolution
		HideSolutionNode = FALSE
	EndGlobalSection
	GlobalSection(ExtensibilityGlobals) = postSolution
		SolutionGuid = {E5A9A5EF-3D6D-4263-9830-CCC789C13C76}
	EndGlobalSection
EndGlobal
